
Microsoft Visual Studio Solution File, Format Version 12.00
# Visual Studio Version 17
VisualStudioVersion = 17.6.33801.468
MinimumVisualStudioVersion = 10.0.40219.1
Project("{9A19103F-16F7-4668-BE54-9A1E7A4F7556}") = "Institute Department", "Institute Department\Institute Department.csproj", "{E4884D09-A73C-4B0C-8216-4A52FEC95D8D}"
EndProject
Global
	GlobalSection(SolutionConfigurationPlatforms) = preSolution
		Debug|Any CPU = Debug|Any CPU
		Release|Any CPU = Release|Any CPU
	EndGlobalSection
	GlobalSection(ProjectConfigurationPlatforms) = postSolution
		{E4884D09-A73C-4B0C-8216-4A52FEC95D8D}.Debug|Any CPU.ActiveCfg = Debug|Any CPU
		{E4884D09-A73C-4B0C-8216-4A52FEC95D8D}.Debug|Any CPU.Build.0 = Debug|Any CPU
		{E4884D09-A73C-4B0C-8216-4A52FEC95D8D}.Release|Any CPU.ActiveCfg = Release|Any CPU
		{E4884D09-A73C-4B0C-8216-4A52FEC95D8D}.Release|Any CPU.Build.0 = Release|Any CPU
	EndGlobalSection
	GlobalSection(SolutionProperties) = preSolution
		HideSolutionNode = FALSE
	EndGlobalSection
	GlobalSection(ExtensibilityGlobals) = postSolution
		SolutionGuid = {77D8EE61-9355-4EE7-A53B-A4B3B13C5CE0}
	EndGlobalSection
EndGlobal
